{
  "name": "aldb",
  "version": "0.0.0",
  "lockfileVersion": 1,
  "requires": true,
  "dependencies": {
    "@nodelib/fs.scandir": {
      "version": "2.1.1",
      "resolved": "http://localhost:4873/@nodelib%2ffs.scandir/-/fs.scandir-2.1.1.tgz",
      "integrity": "sha512-NT/skIZjgotDSiXs0WqYhgcuBKhUMgfekCmCGtkUAiLqZdOnrdjmZr9wRl3ll64J9NF79uZ4fk16Dx0yMc/Xbg==",
      "requires": {
        "@nodelib/fs.stat": "2.0.1",
        "run-parallel": "^1.1.9"
      }
    },
    "@nodelib/fs.stat": {
      "version": "2.0.1",
      "resolved": "http://localhost:4873/@nodelib%2ffs.stat/-/fs.stat-2.0.1.tgz",
      "integrity": "sha512-+RqhBlLn6YRBGOIoVYthsG0J9dfpO79eJyN7BYBkZJtfqrBwf2KK+rD/M/yjZR6WBmIhAgOV7S60eCgaSWtbFw=="
    },
    "@nodelib/fs.walk": {
      "version": "1.2.2",
      "resolved": "http://localhost:4873/@nodelib%2ffs.walk/-/fs.walk-1.2.2.tgz",
      "integrity": "sha512-J/DR3+W12uCzAJkw7niXDcqcKBg6+5G5Q/ZpThpGNzAUz70eOR6RV4XnnSN01qHZiVl0eavoxJsBypQoKsV2QQ==",
      "requires": {
        "@nodelib/fs.scandir": "2.1.1",
        "fastq": "^1.6.0"
      }
    },
    "abstract-leveldown": {
      "version": "6.0.3",
      "resolved": "http://localhost:4873/abstract-leveldown/-/abstract-leveldown-6.0.3.tgz",
      "integrity": "sha512-jzewKKpZbaYUa6HTThnrl+GrJhzjEAeuc7hTVpZdzg7kupXZFoqQDFwyOwLNbmJKJlmzw8yiipMPkDiuKkT06Q==",
      "requires": {
        "level-concat-iterator": "~2.0.0",
        "xtend": "~4.0.0"
      }
    },
    "braces": {
      "version": "3.0.2",
      "resolved": "http://localhost:4873/braces/-/braces-3.0.2.tgz",
      "integrity": "sha512-b8um+L1RzM3WDSzvhm6gIz1yfTbBt6YTlcEKAvsmqCZZFw46z626lVj9j1yEPW33H5H+lBQpZMP1k8l+78Ha0A==",
      "requires": {
        "fill-range": "^7.0.1"
      }
    },
    "deferred-leveldown": {
      "version": "5.1.0",
      "resolved": "http://localhost:4873/deferred-leveldown/-/deferred-leveldown-5.1.0.tgz",
      "integrity": "sha512-PvDY+BT2ONu2XVRgxHb77hYelLtMYxKSGuWuJJdVRXh9ntqx9GYTFJno/SKAz5xcd+yjQwyQeIZrUPjPvA52mg==",
      "requires": {
        "abstract-leveldown": "~6.0.0",
        "inherits": "^2.0.3"
      }
    },
    "encoding-down": {
      "version": "6.1.0",
      "resolved": "http://localhost:4873/encoding-down/-/encoding-down-6.1.0.tgz",
      "integrity": "sha512-pBW1mbuQDHQhQLBtqarX8x2oLynahiOzBY5L/BosNqcstJ8MjpSc3rx1yCUIqb6bUE2vsp3t0BaXS0ZDP1s5pg==",
      "requires": {
        "abstract-leveldown": "^6.0.0",
        "inherits": "^2.0.3",
        "level-codec": "^9.0.0",
        "level-errors": "^2.0.0"
      }
    },
    "errno": {
      "version": "0.1.7",
      "resolved": "http://localhost:4873/errno/-/errno-0.1.7.tgz",
      "integrity": "sha512-MfrRBDWzIWifgq6tJj60gkAwtLNb6sQPlcFrSOflcP1aFmmruKQ2wRnze/8V6kgyz7H3FF8Npzv78mZ7XLLflg==",
      "requires": {
        "prr": "~1.0.1"
      }
    },
    "fast-glob": {
      "version": "3.0.4",
      "resolved": "http://localhost:4873/fast-glob/-/fast-glob-3.0.4.tgz",
      "integrity": "sha512-wkIbV6qg37xTJwqSsdnIphL1e+LaGz4AIQqr00mIubMaEhv1/HEmJ0uuCGZRNRUkZZmOB5mJKO0ZUTVq+SxMQg==",
      "requires": {
        "@nodelib/fs.stat": "^2.0.1",
        "@nodelib/fs.walk": "^1.2.1",
        "glob-parent": "^5.0.0",
        "is-glob": "^4.0.1",
        "merge2": "^1.2.3",
        "micromatch": "^4.0.2"
      }
    },
    "fastq": {
      "version": "1.6.0",
      "resolved": "http://localhost:4873/fastq/-/fastq-1.6.0.tgz",
      "integrity": "sha512-jmxqQ3Z/nXoeyDmWAzF9kH1aGZSis6e/SbfPmJpUnyZ0ogr6iscHQaml4wsEepEWSdtmpy+eVXmCRIMpxaXqOA==",
      "requires": {
        "reusify": "^1.0.0"
      }
    },
    "fill-range": {
      "version": "7.0.1",
      "resolved": "http://localhost:4873/fill-range/-/fill-range-7.0.1.tgz",
      "integrity": "sha512-qOo9F+dMUmC2Lcb4BbVvnKJxTPjCm+RRpe4gDuGrzkL7mEVl/djYSu2OdQ2Pa302N4oqkSg9ir6jaLWJ2USVpQ==",
      "requires": {
        "to-regex-range": "^5.0.1"
      }
    },
    "flexsearch": {
      "version": "0.6.22",
      "resolved": "http://localhost:4873/flexsearch/-/flexsearch-0.6.22.tgz",
      "integrity": "sha512-Nit36q5LQlFEaLPckjN3xO9y0dZEb6rTDT7MIqlNdLe+5kGiHcBvAiBZBUR5DNZ+ySW6WGF8gCaud4eQocTUnw=="
    },
    "glob-parent": {
      "version": "5.0.0",
      "resolved": "http://localhost:4873/glob-parent/-/glob-parent-5.0.0.tgz",
      "integrity": "sha512-Z2RwiujPRGluePM6j699ktJYxmPpJKCfpGA13jz2hmFZC7gKetzrWvg5KN3+OsIFmydGyZ1AVwERCq1w/ZZwRg==",
      "requires": {
        "is-glob": "^4.0.1"
      }
    },
    "immediate": {
      "version": "3.2.3",
      "resolved": "http://localhost:4873/immediate/-/immediate-3.2.3.tgz",
      "integrity": "sha1-0UD6j2FGWb1lQSMwl92qwlzdmRw="
    },
    "inherits": {
      "version": "2.0.4",
      "resolved": "http://localhost:4873/inherits/-/inherits-2.0.4.tgz",
      "integrity": "sha512-k/vGaX4/Yla3WzyMCvTQOXYeIHvqOKtnqBduzTHpzpQZzAskKMhZ2K+EnBiSM9zGSoIFeMpXKxa4dYeZIQqewQ=="
    },
    "is-extglob": {
      "version": "2.1.1",
      "resolved": "http://localhost:4873/is-extglob/-/is-extglob-2.1.1.tgz",
      "integrity": "sha1-qIwCU1eR8C7TfHahueqXc8gz+MI="
    },
    "is-glob": {
      "version": "4.0.1",
      "resolved": "http://localhost:4873/is-glob/-/is-glob-4.0.1.tgz",
      "integrity": "sha512-5G0tKtBTFImOqDnLB2hG6Bp2qcKEFduo4tZu9MT/H6NQv/ghhy30o55ufafxJ/LdH79LLs2Kfrn85TLKyA7BUg==",
      "requires": {
        "is-extglob": "^2.1.1"
      }
    },
    "is-number": {
      "version": "7.0.0",
      "resolved": "http://localhost:4873/is-number/-/is-number-7.0.0.tgz",
      "integrity": "sha512-41Cifkg6e8TylSpdtTpeLVMqvSBEVzTttHvERD741+pnZ8ANv0004MRL43QKPDlK9cGvNp6NZWZUBlbGXYxxng=="
    },
    "is-typedarray": {
      "version": "1.0.0",
      "resolved": "http://localhost:4873/is-typedarray/-/is-typedarray-1.0.0.tgz",
      "integrity": "sha1-5HnICFjfDBsR3dppQPlgEfzaSpo="
    },
    "level": {
      "version": "5.0.1",
      "resolved": "http://localhost:4873/level/-/level-5.0.1.tgz",
      "integrity": "sha512-wcak5OQeA4rURGacqS62R/xNHjCYnJSQDBOlm4KNUGJVE9bWv2B04TclqReYejN+oD65PzD4FsqeWoI5wNC5Lg==",
      "requires": {
        "level-js": "^4.0.0",
        "level-packager": "^5.0.0",
        "leveldown": "^5.0.0",
        "opencollective-postinstall": "^2.0.0"
      }
    },
    "level-codec": {
      "version": "9.0.1",
      "resolved": "http://localhost:4873/level-codec/-/level-codec-9.0.1.tgz",
      "integrity": "sha512-ajFP0kJ+nyq4i6kptSM+mAvJKLOg1X5FiFPtLG9M5gCEZyBmgDi3FkDrvlMkEzrUn1cWxtvVmrvoS4ASyO/q+Q=="
    },
    "level-concat-iterator": {
      "version": "2.0.1",
      "resolved": "http://localhost:4873/level-concat-iterator/-/level-concat-iterator-2.0.1.tgz",
      "integrity": "sha512-OTKKOqeav2QWcERMJR7IS9CUo1sHnke2C0gkSmcR7QuEtFNLLzHQAvnMw8ykvEcv0Qtkg0p7FOwP1v9e5Smdcw=="
    },
    "level-errors": {
      "version": "2.0.1",
      "resolved": "http://localhost:4873/level-errors/-/level-errors-2.0.1.tgz",
      "integrity": "sha512-UVprBJXite4gPS+3VznfgDSU8PTRuVX0NXwoWW50KLxd2yw4Y1t2JUR5In1itQnudZqRMT9DlAM3Q//9NCjCFw==",
      "requires": {
        "errno": "~0.1.1"
      }
    },
    "level-iterator-stream": {
      "version": "4.0.1",
      "resolved": "http://localhost:4873/level-iterator-stream/-/level-iterator-stream-4.0.1.tgz",
      "integrity": "sha512-pSZWqXK6/yHQkZKCHrR59nKpU5iqorKM22C/BOHTb/cwNQ2EOZG+bovmFFGcOgaBoF3KxqJEI27YwewhJQTzsw==",
      "requires": {
        "inherits": "^2.0.1",
        "readable-stream": "^3.0.2",
        "xtend": "^4.0.0"
      }
    },
    "level-js": {
      "version": "4.0.1",
      "resolved": "http://localhost:4873/level-js/-/level-js-4.0.1.tgz",
      "integrity": "sha512-m5JRIyHZn5VnCCFeRegJkn5bQd3MJK5qZX12zg3Oivc8+BUIS2yFS6ANMMeHX2ieGxucNvEn6/ZnyjmZQLLUWw==",
      "requires": {
        "abstract-leveldown": "~6.0.1",
        "immediate": "~3.2.3",
        "inherits": "^2.0.3",
        "ltgt": "^2.1.2",
        "typedarray-to-buffer": "~3.1.5"
      }
    },
    "level-packager": {
      "version": "5.0.2",
      "resolved": "http://localhost:4873/level-packager/-/level-packager-5.0.2.tgz",
      "integrity": "sha512-sJWdeW5tObvTvgP4Xf2psL5CEUsZjDjiTtlcimHp3Ifd4qbmkEGquN82C5ZtC7VpWEiISeUIBtIcCskVzEpvFw==",
      "requires": {
        "encoding-down": "^6.0.0",
        "levelup": "^4.0.0"
      }
    },
    "leveldown": {
      "version": "5.1.1",
      "resolved": "http://localhost:4873/leveldown/-/leveldown-5.1.1.tgz",
      "integrity": "sha512-4n2R/vEA/sssh5TKtFwM9gshW2tirNoURLqekLRUUzuF+eUBLFAufO8UW7bz8lBbG2jw8tQDF3LC+LcUCc12kg==",
      "requires": {
        "abstract-leveldown": "~6.0.3",
        "napi-macros": "~1.8.1",
        "node-gyp-build": "~4.1.0"
      }
    },
    "levelup": {
      "version": "4.1.0",
      "resolved": "http://localhost:4873/levelup/-/levelup-4.1.0.tgz",
      "integrity": "sha512-+Qhe2/jb5affN7BeFgWUUWVdYoGXO2nFS3QLEZKZynnQyP9xqA+7wgOz3fD8SST2UKpHQuZgjyJjTcB2nMl2dQ==",
      "requires": {
        "deferred-leveldown": "~5.1.0",
        "level-errors": "~2.0.0",
        "level-iterator-stream": "~4.0.0",
        "xtend": "~4.0.0"
      }
    },
    "ltgt": {
      "version": "2.2.1",
      "resolved": "http://localhost:4873/ltgt/-/ltgt-2.2.1.tgz",
      "integrity": "sha1-81ypHEk/e3PaDgdJUwTxezH4fuU="
    },
    "merge2": {
      "version": "1.2.3",
      "resolved": "http://localhost:4873/merge2/-/merge2-1.2.3.tgz",
      "integrity": "sha512-gdUU1Fwj5ep4kplwcmftruWofEFt6lfpkkr3h860CXbAB9c3hGb55EOL2ali0Td5oebvW0E1+3Sr+Ur7XfKpRA=="
    },
    "micromatch": {
      "version": "4.0.2",
      "resolved": "http://localhost:4873/micromatch/-/micromatch-4.0.2.tgz",
      "integrity": "sha512-y7FpHSbMUMoyPbYUSzO6PaZ6FyRnQOpHuKwbo1G+Knck95XVU4QAiKdGEnj5wwoS7PlOgthX/09u5iFJ+aYf5Q==",
      "requires": {
        "braces": "^3.0.1",
        "picomatch": "^2.0.5"
      }
    },
    "minisearch": {
      "version": "2.0.3",
      "resolved": "http://localhost:4873/minisearch/-/minisearch-2.0.3.tgz",
      "integrity": "sha512-cnzp6fttVo/bQrsJmQ0oGVgU0aU4rd1tMw30jslqQxt5lJM/jYijS7bEzmNfjSpyU+v/2Uq8K0/yIAYIy9OtoA=="
    },
    "napi-macros": {
      "version": "1.8.2",
      "resolved": "http://localhost:4873/napi-macros/-/napi-macros-1.8.2.tgz",
      "integrity": "sha512-Tr0DNY4RzTaBG2W2m3l7ZtFuJChTH6VZhXVhkGGjF/4cZTt+i8GcM9ozD+30Lmr4mDoZ5Xx34t2o4GJqYWDGcg=="
    },
    "node-gyp-build": {
      "version": "4.1.0",
      "resolved": "http://localhost:4873/node-gyp-build/-/node-gyp-build-4.1.0.tgz",
      "integrity": "sha512-rGLv++nK20BG8gc0MzzcYe1Nl3p3mtwJ74Q2QD0HTEDKZ6NvOFSelY6s2QBPWIHRR8h7hpad0LiwajfClBJfNg=="
    },
    "opencollective-postinstall": {
      "version": "2.0.2",
      "resolved": "http://localhost:4873/opencollective-postinstall/-/opencollective-postinstall-2.0.2.tgz",
      "integrity": "sha512-pVOEP16TrAO2/fjej1IdOyupJY8KDUM1CvsaScRbw6oddvpQoOfGk4ywha0HKKVAD6RkW4x6Q+tNBwhf3Bgpuw=="
    },
    "picomatch": {
      "version": "2.0.7",
      "resolved": "http://localhost:4873/picomatch/-/picomatch-2.0.7.tgz",
      "integrity": "sha512-oLHIdio3tZ0qH76NybpeneBhYVj0QFTfXEFTc/B3zKQspYfYYkWYgFsmzo+4kvId/bQRcNkVeguI3y+CD22BtA=="
    },
    "prr": {
      "version": "1.0.1",
      "resolved": "http://localhost:4873/prr/-/prr-1.0.1.tgz",
      "integrity": "sha1-0/wRS6BplaRexok/SEzrHXj19HY="
    },
    "readable-stream": {
      "version": "3.4.0",
      "resolved": "http://localhost:4873/readable-stream/-/readable-stream-3.4.0.tgz",
      "integrity": "sha512-jItXPLmrSR8jmTRmRWJXCnGJsfy85mB3Wd/uINMXA65yrnFo0cPClFIUWzo2najVNSl+mx7/4W8ttlLWJe99pQ==",
      "requires": {
        "inherits": "^2.0.3",
        "string_decoder": "^1.1.1",
        "util-deprecate": "^1.0.1"
      }
    },
    "reusify": {
      "version": "1.0.4",
      "resolved": "http://localhost:4873/reusify/-/reusify-1.0.4.tgz",
      "integrity": "sha512-U9nH88a3fc/ekCF1l0/UP1IosiuIjyTh7hBvXVMHYgVcfGvt897Xguj2UOLDeI5BG2m7/uwyaLVT6fbtCwTyzw=="
    },
    "run-parallel": {
      "version": "1.1.9",
      "resolved": "http://localhost:4873/run-parallel/-/run-parallel-1.1.9.tgz",
      "integrity": "sha512-DEqnSRTDw/Tc3FXf49zedI638Z9onwUotBMiUFKmrO2sdFKIbXamXGQ3Axd4qgphxKB4kw/qP1w5kTxnfU1B9Q=="
    },
    "safe-buffer": {
      "version": "5.1.2",
      "resolved": "http://localhost:4873/safe-buffer/-/safe-buffer-5.1.2.tgz",
      "integrity": "sha512-Gd2UZBJDkXlY7GbJxfsE8/nvKkUEU1G38c1siN6QP6a9PT9MmHB8GnpscSmMJSoF8LOIrt8ud/wPtojys4G6+g=="
    },
    "string_decoder": {
      "version": "1.2.0",
      "resolved": "http://localhost:4873/string_decoder/-/string_decoder-1.2.0.tgz",
      "integrity": "sha512-6YqyX6ZWEYguAxgZzHGL7SsCeGx3V2TtOTqZz1xSTSWnqsbWwbptafNyvf/ACquZUXV3DANr5BDIwNYe1mN42w==",
      "requires": {
        "safe-buffer": "~5.1.0"
      }
    },
    "to-regex-range": {
      "version": "5.0.1",
      "resolved": "http://localhost:4873/to-regex-range/-/to-regex-range-5.0.1.tgz",
      "integrity": "sha512-65P7iz6X5yEr1cwcgvQxbbIw7Uk3gOy5dIdtZ4rDveLqhrdJP+Li/Hx6tyK0NEb+2GCyneCMJiGqrADCSNk8sQ==",
      "requires": {
        "is-number": "^7.0.0"
      }
    },
    "typedarray-to-buffer": {
      "version": "3.1.5",
      "resolved": "http://localhost:4873/typedarray-to-buffer/-/typedarray-to-buffer-3.1.5.tgz",
      "integrity": "sha512-zdu8XMNEDepKKR+XYOXAVPtWui0ly0NtohUscw+UmaHiAWT8hrV1rr//H6V+0DvJ3OQ19S979M0laLfX8rm82Q==",
      "requires": {
        "is-typedarray": "^1.0.0"
      }
    },
    "util-deprecate": {
      "version": "1.0.2",
      "resolved": "http://localhost:4873/util-deprecate/-/util-deprecate-1.0.2.tgz",
      "integrity": "sha1-RQ1Nyfpw3nMnYvvS1KKJgUGaDM8="
    },
    "wink-bm25-text-search": {
      "version": "3.0.1",
      "resolved": "http://localhost:4873/wink-bm25-text-search/-/wink-bm25-text-search-3.0.1.tgz",
      "integrity": "sha512-RpLFOBaqZvvyIt4rDfWmVBgULvKc4PLFI3NoBl03M2dWUXMtFcqCQfYdbH5KrkH7m7xu+ROPguM6ZspS4zk31g==",
      "requires": {
        "wink-helpers": "^2.0.0",
        "wink-nlp-utils": "^2.0.4"
      }
    },
    "wink-distance": {
      "version": "2.0.0",
      "resolved": "http://localhost:4873/wink-distance/-/wink-distance-2.0.0.tgz",
      "integrity": "sha512-xJn1rbT/I23q0CZjyvQzzax2XAnCWsOcxowKJheiDflYawF7vG1uN1mDeLy0gmgw3IqRwg0HX1I/9NUW+purqg==",
      "requires": {
        "wink-helpers": "^2.0.0",
        "wink-jaro-distance": "^2.0.0"
      }
    },
    "wink-helpers": {
      "version": "2.0.0",
      "resolved": "http://localhost:4873/wink-helpers/-/wink-helpers-2.0.0.tgz",
      "integrity": "sha512-I/ZzXrHcNRXuoeFJmp2vMVqDI6UCK02Tds1WP4kSGAmx520gjL1BObVzF7d2ps24tyHIly9ngdB2jwhlFUjPvg=="
    },
    "wink-jaro-distance": {
      "version": "2.0.0",
      "resolved": "http://localhost:4873/wink-jaro-distance/-/wink-jaro-distance-2.0.0.tgz",
      "integrity": "sha512-9bcUaXCi9N8iYpGWbFkf83OsBkg17r4hEyxusEzl+nnReLRPqxhB9YNeRn3g54SYnVRNXP029lY3HDsbdxTAuA=="
    },
    "wink-nlp-utils": {
      "version": "2.0.5",
      "resolved": "http://localhost:4873/wink-nlp-utils/-/wink-nlp-utils-2.0.5.tgz",
      "integrity": "sha512-/vUHYmtAyC9+xwkymqVFS9BG9C+45ixhvfeXW29nH8Xc3gaxR8F8U0TQHvOq+1b6ajHQZ6Z0eyukRZf1gXqBJQ==",
      "requires": {
        "wink-distance": "^2.0.0",
        "wink-helpers": "^2.0.0",
        "wink-porter2-stemmer": "^2.0.0",
        "wink-tokenizer": "^5.2.1"
      }
    },
    "wink-porter2-stemmer": {
      "version": "2.0.0",
      "resolved": "http://localhost:4873/wink-porter2-stemmer/-/wink-porter2-stemmer-2.0.0.tgz",
      "integrity": "sha512-FWhpKShRnZvYWOWzbRs5r2IpfXOmYWkk0C5Fjj8nInBAH5mFtIRpla2mViM8iC0K3QreyMIARXSACf5xC8IAKg=="
    },
    "wink-tokenizer": {
      "version": "5.2.1",
      "resolved": "http://localhost:4873/wink-tokenizer/-/wink-tokenizer-5.2.1.tgz",
      "integrity": "sha512-8WwUToAUvioN6zYCAgtgmqLZEgkLs9whJMVsd/l0NbWynRCz2HreP/YF9OzRS48H4kLIQCP0//ZvGw1cwVz2sg=="
    },
    "xtend": {
      "version": "4.0.1",
      "resolved": "http://localhost:4873/xtend/-/xtend-4.0.1.tgz",
      "integrity": "sha1-pcbVMr5lbiPbgg77lDofBJmNY68="
    }
  }
}
